// !$*UTF8*$!
{
	archiveVersion = 1;
	classes = {
	};
	objectVersion = 50;
	objects = {

/* Begin PBXBuildFile section */
		CEBFB358265E1DE300E2BF54 /* AppDelegate.swift in Sources */ = {isa = PBXBuildFile; fileRef = CEBFB357265E1DE300E2BF54 /* AppDelegate.swift */; };
		CEBFB35A265E1DE300E2BF54 /* SceneDelegate.swift in Sources */ = {isa = PBXBuildFile; fileRef = CEBFB359265E1DE300E2BF54 /* SceneDelegate.swift */; };
		CEBFB35C265E1DE300E2BF54 /* ViewController.swift in Sources */ = {isa = PBXBuildFile; fileRef = CEBFB35B265E1DE300E2BF54 /* ViewController.swift */; };
		CEBFB35F265E1DE300E2BF54 /* Main.storyboard in Resources */ = {isa = PBXBuildFile; fileRef = CEBFB35D265E1DE300E2BF54 /* Main.storyboard */; };
		CEBFB362265E1DE300E2BF54 /* Delegate.xcdatamodeld in Sources */ = {isa = PBXBuildFile; fileRef = CEBFB360265E1DE300E2BF54 /* Delegate.xcdatamodeld */; };
		CEBFB364265E1DE400E2BF54 /* Assets.xcassets in Resources */ = {isa = PBXBuildFile; fileRef = CEBFB363265E1DE400E2BF54 /* Assets.xcassets */; };
		CEBFB367265E1DE400E2BF54 /* LaunchScreen.storyboard in Resources */ = {isa = PBXBuildFile; fileRef = CEBFB365265E1DE400E2BF54 /* LaunchScreen.storyboard */; };
		CEBFB370265E1EF700E2BF54 /* SecondViewController.swift in Sources */ = {isa = PBXBuildFile; fileRef = CEBFB36F265E1EF700E2BF54 /* SecondViewController.swift */; };
/* End PBXBuildFile section */

/* Begin PBXFileReference section */
		CEBFB354265E1DE300E2BF54 /* Delegate.app */ = {isa = PBXFileReference; explicitFileType = wrapper.application; includeInIndex = 0; path = Delegate.app; sourceTree = BUILT_PRODUCTS_DIR; };
		CEBFB357265E1DE300E2BF54 /* AppDelegate.swift */ = {isa = PBXFileReference; lastKnownFileType = sourcecode.swift; path = AppDelegate.swift; sourceTree = "<group>"; };
		CEBFB359265E1DE300E2BF54 /* SceneDelegate.swift */ = {isa = PBXFileReference; lastKnownFileType = sourcecode.swift; path = SceneDelegate.swift; sourceTree = "<group>"; };
		CEBFB35B265E1DE300E2BF54 /* ViewController.swift */ = {isa = PBXFileReference; lastKnownFileType = sourcecode.swift; path = ViewController.swift; sourceTree = "<group>"; };
		CEBFB35E265E1DE300E2BF54 /* Base */ = {isa = PBXFileReference; lastKnownFileType = file.storyboard; name = Base; path = Base.lproj/Main.storyboard; sourceTree = "<group>"; };
		CEBFB361265E1DE300E2BF54 /* Delegate.xcdatamodel */ = {isa = PBXFileReference; lastKnownFileType = wrapper.xcdatamodel; path = Delegate.xcdatamodel; sourceTree = "<group>"; };
		CEBFB363265E1DE400E2BF54 /* Assets.xcassets */ = {isa = PBXFileReference; lastKnownFileType = folder.assetcatalog; path = Assets.xcassets; sourceTree = "<group>"; };
		CEBFB366265E1DE400E2BF54 /* Base */ = {isa = PBXFileReference; lastKnownFileType = file.storyboard; name = Base; path = Base.lproj/LaunchScreen.storyboard; sourceTree = "<group>"; };
		CEBFB368265E1DE400E2BF54 /* Info.plist */ = {isa = PBXFileReference; lastKnownFileType = text.plist.xml; path = Info.plist; sourceTree = "<group>"; };
		CEBFB36F265E1EF700E2BF54 /* SecondViewController.swift */ = {isa = PBXFileReference; lastKnownFileType = sourcecode.swift; path = SecondViewController.swift; sourceTree = "<group>"; };
/* End PBXFileReference section */

/* Begin PBXFrameworksBuildPhase section */
		CEBFB351265E1DE300E2BF54 /* Frameworks */ = {
			isa = PBXFrameworksBuildPhase;
			buildActionMask = 2147483647;
			files = (
			);
			runOnlyForDeploymentPostprocessing = 0;
		};
/* End PBXFrameworksBuildPhase section */

/* Begin PBXGroup section */
		CEBFB34B265E1DE300E2BF54 = {
			isa = PBXGroup;
			children = (
				CEBFB356265E1DE300E2BF54 /* Delegate */,
				CEBFB355265E1DE300E2BF54 /* Products */,
			);
			sourceTree = "<group>";
		};
		CEBFB355265E1DE300E2BF54 /* Products */ = {
			isa = PBXGroup;
			children = (
				CEBFB354265E1DE300E2BF54 /* Delegate.app */,
			);
			name = Products;
			sourceTree = "<group>";
		};
		CEBFB356265E1DE300E2BF54 /* Delegate */ = {
			isa = PBXGroup;
			children = (
				CEBFB357265E1DE300E2BF54 /* AppDelegate.swift */,
				CEBFB359265E1DE300E2BF54 /* SceneDelegate.swift */,
				CEBFB35B265E1DE300E2BF54 /* ViewController.swift */,
				CEBFB36F265E1EF700E2BF54 /* SecondViewController.swift */,
				CEBFB35D265E1DE300E2BF54 /* Main.storyboard */,
				CEBFB363265E1DE400E2BF54 /* Assets.xcassets */,
				CEBFB365265E1DE400E2BF54 /* LaunchScreen.storyboard */,
				CEBFB368265E1DE400E2BF54 /* Info.plist */,
				CEBFB360265E1DE300E2BF54 /* Delegate.xcdatamodeld */,
			);
			path = Delegate;
			sourceTree = "<group>";
		};
/* End PBXGroup section */

/* Begin PBXNativeTarget section */
		CEBFB353265E1DE300E2BF54 /* Delegate */ = {
			isa = PBXNativeTarget;
			buildConfigurationList = CEBFB36B265E1DE400E2BF54 /* Build configuration list for PBXNativeTarget "Delegate" */;
			buildPhases = (
				CEBFB350265E1DE300E2BF54 /* Sources */,
				CEBFB351265E1DE300E2BF54 /* Frameworks */,
				CEBFB352265E1DE300E2BF54 /* Resources */,
			);
			buildRules = (
			);
			dependencies = (
			);
			name = Delegate;
			productName = Delegate;
			productReference = CEBFB354265E1DE300E2BF54 /* Delegate.app */;
			productType = "com.apple.product-type.application";
		};
/* End PBXNativeTarget section */

/* Begin PBXProject section */
		CEBFB34C265E1DE300E2BF54 /* Project object */ = {
			isa = PBXProject;
			attributes = {
				LastSwiftUpdateCheck = 1240;
				LastUpgradeCheck = 1240;
				TargetAttributes = {
					CEBFB353265E1DE300E2BF54 = {
						CreatedOnToolsVersion = 12.4;
					};
				};
			};
			buildConfigurationList = CEBFB34F265E1DE300E2BF54 /* Build configuration list for PBXProject "Delegate" */;
			compatibilityVersion = "Xcode 9.3";
			developmentRegion = en;
			hasScannedForEncodings = 0;
			knownRegions = (
				en,
				Base,
			);
			mainGroup = CEBFB34B265E1DE300E2BF54;
			productRefGroup = CEBFB355265E1DE300E2BF54 /* Products */;
			projectDirPath = "";
			projectRoot = "";
			targets = (
				CEBFB353265E1DE300E2BF54 /* Delegate */,
			);
		};
/* End PBXProject section */

/* Begin PBXResourcesBuildPhase section */
		CEBFB352265E1DE300E2BF54 /* Resources */ = {
			isa = PBXResourcesBuildPhase;
			buildActionMask = 2147483647;
			files = (
				CEBFB367265E1DE400E2BF54 /* LaunchScreen.storyboard in Resources */,
				CEBFB364265E1DE400E2BF54 /* Assets.xcassets in Resources */,
				CEBFB35F265E1DE300E2BF54 /* Main.storyboard in Resources */,
			);
			runOnlyForDeploymentPostprocessing = 0;
		};
/* End PBXResourcesBuildPhase section */

/* Begin PBXSourcesBuildPhase section */
		CEBFB350265E1DE300E2BF54 /* Sources */ = {
			isa = PBXSourcesBuildPhase;
			buildActionMask = 2147483647;
			files = (
				CEBFB362265E1DE300E2BF54 /* Delegate.xcdatamodeld in Sources */,
				CEBFB35C265E1DE300E2BF54 /* ViewController.swift in Sources */,
				CEBFB358265E1DE300E2BF54 /* AppDelegate.swift in Sources */,
				CEBFB370265E1EF700E2BF54 /* SecondViewController.swift in Sources */,
				CEBFB35A265E1DE300E2BF54 /* SceneDelegate.swift in Sources */,
			);
			runOnlyForDeploymentPostprocessing = 0;
		};
/* End PBXSourcesBuildPhase section */

/* Begin PBXVariantGroup section */
		CEBFB35D265E1DE300E2BF54 /* Main.storyboard */ = {
			isa = PBXVariantGroup;
			children = (
				CEBFB35E265E1DE300E2BF54 /* Base */,
			);
			name = Main.storyboard;
			sourceTree = "<group>";
		};
		CEBFB365265E1DE400E2BF54 /* LaunchScreen.storyboard */ = {
			isa = PBXVariantGroup;
			children = (
				CEBFB366265E1DE400E2BF54 /* Base */,
			);
			name = LaunchScreen.storyboard;
			sourceTree = "<group>";
		};
/* End PBXVariantGroup section */

/* Begin XCBuildConfiguration section */
		CEBFB369265E1DE400E2BF54 /* Debug */ = {
			isa = XCBuildConfiguration;
			buildSettings = {
				ALWAYS_SEARCH_USER_PATHS = NO;
				CLANG_ANALYZER_NONNULL = YES;
				CLANG_ANALYZER_NUMBER_OBJECT_CONVERSION = YES_AGGRESSIVE;
				CLANG_CXX_LANGUAGE_STANDARD = "gnu++14";
				CLANG_CXX_LIBRARY = "libc++";
				CLANG_ENABLE_MODULES = YES;
				CLANG_ENABLE_OBJC_ARC = YES;
				CLANG_ENABLE_OBJC_WEAK = YES;
				CLANG_WARN_BLOCK_CAPTURE_AUTORELEASING = YES;
				CLANG_WARN_BOOL_CONVERSION = YES;
				CLANG_WARN_COMMA = YES;
				CLANG_WARN_CONSTANT_CONVERSION = YES;
				CLANG_WARN_DEPRECATED_OBJC_IMPLEMENTATIONS = YES;
				CLANG_WARN_DIRECT_OBJC_ISA_USAGE = YES_ERROR;
				CLANG_WARN_DOCUMENTATION_COMMENTS = YES;
				CLANG_WARN_EMPTY_BODY = YES;
				CLANG_WARN_ENUM_CONVERSION = YES;
				CLANG_WARN_INFINITE_RECURSION = YES;
				CLANG_WARN_INT_CONVERSION = YES;
				CLANG_WARN_NON_LITERAL_NULL_CONVERSION = YES;
				CLANG_WARN_OBJC_IMPLICIT_RETAIN_SELF = YES;
				CLANG_WARN_OBJC_LITERAL_CONVERSION = YES;
				CLANG_WARN_OBJC_ROOT_CLASS = YES_ERROR;
				CLANG_WARN_QUOTED_INCLUDE_IN_FRAMEWORK_HEADER = YES;
				CLANG_WARN_RANGE_LOOP_ANALYSIS = YES;
				CLANG_WARN_STRICT_PROTOTYPES = YES;
				CLANG_WARN_SUSPICIOUS_MOVE = YES;
				CLANG_WARN_UNGUARDED_AVAILABILITY = YES_AGGRESSIVE;
				CLANG_WARN_UNREACHABLE_CODE = YES;
				CLANG_WARN__DUPLICATE_METHOD_MATCH = YES;
				COPY_PHASE_STRIP = NO;
				DEBUG_INFORMATION_FORMAT = dwarf;
				ENABLE_STRICT_OBJC_MSGSEND = YES;
				ENABLE_TESTABILITY = YES;
				GCC_C_LANGUAGE_STANDARD = gnu11;
				GCC_DYNAMIC_NO_PIC = NO;
				GCC_NO_COMMON_BLOCKS = YES;
				GCC_OPTIMIZATION_LEVEL = 0;
				GCC_PREPROCESSOR_DEFINITIONS = (
					"DEBUG=1",
					"$(inherited)",
				);
				GCC_WARN_64_TO_32_BIT_CONVERSION = YES;
				GCC_WARN_ABOUT_RETURN_TYPE = YES_ERROR;
				GCC_WARN_UNDECLARED_SELECTOR = YES;
				GCC_WARN_UNINITIALIZED_AUTOS = YES_AGGRESSIVE;
				GCC_WARN_UNUSED_FUNCTION = YES;
				GCC_WARN_UNUSED_VARIABLE = YES;
				IPHONEOS_DEPLOYMENT_TARGET = 14.4;
				MTL_ENABLE_DEBUG_INFO = INCLUDE_SOURCE;
				MTL_FAST_MATH = YES;
				ONLY_ACTIVE_ARCH = YES;
				SDKROOT = iphoneos;
				SWIFT_ACTIVE_COMPILATION_CONDITIONS = DEBUG;
				SWIFT_OPTIMIZATION_LEVEL = "-Onone";
			};
			name = Debug;
		};
		CEBFB36A265E1DE400E2BF54 /* Release */ = {
			isa = XCBuildConfiguration;
			buildSettings = {
				ALWAYS_SEARCH_USER_PATHS = NO;
				CLANG_ANALYZER_NONNULL = YES;
				CLANG_ANALYZER_NUMBER_OBJECT_CONVERSION = YES_AGGRESSIVE;
				CLANG_CXX_LANGUAGE_STANDARD = "gnu++14";
				CLANG_CXX_LIBRARY = "libc++";
				CLANG_ENABLE_MODULES = YES;
				CLANG_ENABLE_OBJC_ARC = YES;
				CLANG_ENABLE_OBJC_WEAK = YES;
				CLANG_WARN_BLOCK_CAPTURE_AUTORELEASING = YES;
				CLANG_WARN_BOOL_CONVERSION = YES;
				CLANG_WARN_COMMA = YES;
				CLANG_WARN_CONSTANT_CONVERSION = YES;
				CLANG_WARN_DEPRECATED_OBJC_IMPLEMENTATIONS = YES;
				CLANG_WARN_DIRECT_OBJC_ISA_USAGE = YES_ERROR;
				CLANG_WARN_DOCUMENTATION_COMMENTS = YES;
				CLANG_WARN_EMPTY_BODY = YES;
				CLANG_WARN_ENUM_CONVERSION = YES;
				CLANG_WARN_INFINITE_RECURSION = YES;
				CLANG_WARN_INT_CONVERSION = YES;
				CLANG_WARN_NON_LITERAL_NULL_CONVERSION = YES;
				CLANG_WARN_OBJC_IMPLICIT_RETAIN_SELF = YES;
				CLANG_WARN_OBJC_LITERAL_CONVERSION = YES;
				CLANG_WARN_OBJC_ROOT_CLASS = YES_ERROR;
				CLANG_WARN_QUOTED_INCLUDE_IN_FRAMEWORK_HEADER = YES;
				CLANG_WARN_RANGE_LOOP_ANALYSIS = YES;
				CLANG_WARN_STRICT_PROTOTYPES = YES;
				CLANG_WARN_SUSPICIOUS_MOVE = YES;
				CLANG_WARN_UNGUARDED_AVAILABILITY = YES_AGGRESSIVE;
				CLANG_WARN_UNREACHABLE_CODE = YES;
				CLANG_WARN__DUPLICATE_METHOD_MATCH = YES;
				COPY_PHASE_STRIP = NO;
				DEBUG_INFORMATION_FORMAT = "dwarf-with-dsym";
				ENABLE_NS_ASSERTIONS = NO;
				ENABLE_STRICT_OBJC_MSGSEND = YES;
				GCC_C_LANGUAGE_STANDARD = gnu11;
				GCC_NO_COMMON_BLOCKS = YES;
				GCC_WARN_64_TO_32_BIT_CONVERSION = YES;
				GCC_WARN_ABOUT_RETURN_TYPE = YES_ERROR;
				GCC_WARN_UNDECLARED_SELECTOR = YES;
				GCC_WARN_UNINITIALIZED_AUTOS = YES_AGGRESSIVE;
				GCC_WARN_UNUSED_FUNCTION = YES;
				GCC_WARN_UNUSED_VARIABLE = YES;
				IPHONEOS_DEPLOYMENT_TARGET = 14.4;
				MTL_ENABLE_DEBUG_INFO = NO;
				MTL_FAST_MATH = YES;
				SDKROOT = iphoneos;
				SWIFT_COMPILATION_MODE = wholemodule;
				SWIFT_OPTIMIZATION_LEVEL = "-O";
				VALIDATE_PRODUCT = YES;
			};
			name = Release;
		};
		CEBFB36C265E1DE400E2BF54 /* Debug */ = {
			isa = XCBuildConfiguration;
			buildSettings = {
				ASSETCATALOG_COMPILER_APPICON_NAME = AppIcon;
				ASSETCATALOG_COMPILER_GLOBAL_ACCENT_COLOR_NAME = AccentColor;
				CODE_SIGN_STYLE = Automatic;
				DEVELOPMENT_TEAM = G92SD6SVX7;
				INFOPLIST_FILE = Delegate/Info.plist;
				LD_RUNPATH_SEARCH_PATHS = (
					"$(inherited)",
					"@executable_path/Frameworks",
				);
				PRODUCT_BUNDLE_IDENTIFIER = com.arif.testApp.Delegate;
				PRODUCT_NAME = "$(TARGET_NAME)";
				SWIFT_VERSION = 5.0;
				TARGETED_DEVICE_FAMILY = "1,2";
			};
			name = Debug;
		};
		CEBFB36D265E1DE400E2BF54 /* Release */ = {
			isa = XCBuildConfiguration;
			buildSettings = {
				ASSETCATALOG_COMPILER_APPICON_NAME = AppIcon;
				ASSETCATALOG_COMPILER_GLOBAL_ACCENT_COLOR_NAME = AccentColor;
				CODE_SIGN_STYLE = Automatic;
				DEVELOPMENT_TEAM = G92SD6SVX7;
				INFOPLIST_FILE = Delegate/Info.plist;
				LD_RUNPATH_SEARCH_PATHS = (
					"$(inherited)",
					"@executable_path/Frameworks",
				);
				PRODUCT_BUNDLE_IDENTIFIER = com.arif.testApp.Delegate;
				PRODUCT_NAME = "$(TARGET_NAME)";
				SWIFT_VERSION = 5.0;
				TARGETED_DEVICE_FAMILY = "1,2";
			};
			name = Release;
		};
/* End XCBuildConfiguration section */

/* Begin XCConfigurationList section */
		CEBFB34F265E1DE300E2BF54 /* Build configuration list for PBXProject "Delegate" */ = {
			isa = XCConfigurationList;
			buildConfigurations = (
				CEBFB369265E1DE400E2BF54 /* Debug */,
				CEBFB36A265E1DE400E2BF54 /* Release */,
			);
			defaultConfigurationIsVisible = 0;
			defaultConfigurationName = Release;
		};
		CEBFB36B265E1DE400E2BF54 /* Build configuration list for PBXNativeTarget "Delegate" */ = {
			isa = XCConfigurationList;
			buildConfigurations = (
				CEBFB36C265E1DE400E2BF54 /* Debug */,
				CEBFB36D265E1DE400E2BF54 /* Release */,
			);
			defaultConfigurationIsVisible = 0;
			defaultConfigurationName = Release;
		};
/* End XCConfigurationList section */

/* Begin XCVersionGroup section */
		CEBFB360265E1DE300E2BF54 /* Delegate.xcdatamodeld */ = {
			isa = XCVersionGroup;
			children = (
				CEBFB361265E1DE300E2BF54 /* Delegate.xcdatamodel */,
			);
			currentVersion = CEBFB361265E1DE300E2BF54 /* Delegate.xcdatamodel */;
			path = Delegate.xcdatamodeld;
			sourceTree = "<group>";
			versionGroupType = wrapper.xcdatamodel;
		};
/* End XCVersionGroup section */
	};
	rootObject = CEBFB34C265E1DE300E2BF54 /* Project object */;
}
